
Microsoft Visual Studio Solution File, Format Version 12.00
# Visual Studio Version 17
VisualStudioVersion = 17.0.31903.59
MinimumVisualStudioVersion = 10.0.40219.1
Project("{FAE04EC0-301F-11D3-BF4B-00C04F79EFBC}") = "Wpm.Management.Api", "Wpm.Management.Api\Wpm.Management.Api.csproj", "{1A29A791-090A-4644-817D-902F6FA55648}"
EndProject
Project("{FAE04EC0-301F-11D3-BF4B-00C04F79EFBC}") = "Wpm.Management.Domain", "Wpm.Management.Domain\Wpm.Management.Domain.csproj", "{CD219BCB-24FD-44FC-88F1-D6707AB3D187}"
EndProject
Project("{FAE04EC0-301F-11D3-BF4B-00C04F79EFBC}") = "Wpm.Management.Domain.Tests", "Wpm.Management.Domain.Tests\Wpm.Management.Domain.Tests.csproj", "{30E2911A-8D79-44E3-98AC-91E6332F9729}"
EndProject
Global
	GlobalSection(SolutionConfigurationPlatforms) = preSolution
		Debug|Any CPU = Debug|Any CPU
		Release|Any CPU = Release|Any CPU
	EndGlobalSection
	GlobalSection(SolutionProperties) = preSolution
		HideSolutionNode = FALSE
	EndGlobalSection
	GlobalSection(ProjectConfigurationPlatforms) = postSolution
		{1A29A791-090A-4644-817D-902F6FA55648}.Debug|Any CPU.ActiveCfg = Debug|Any CPU
		{1A29A791-090A-4644-817D-902F6FA55648}.Debug|Any CPU.Build.0 = Debug|Any CPU
		{1A29A791-090A-4644-817D-902F6FA55648}.Release|Any CPU.ActiveCfg = Release|Any CPU
		{1A29A791-090A-4644-817D-902F6FA55648}.Release|Any CPU.Build.0 = Release|Any CPU
		{CD219BCB-24FD-44FC-88F1-D6707AB3D187}.Debug|Any CPU.ActiveCfg = Debug|Any CPU
		{CD219BCB-24FD-44FC-88F1-D6707AB3D187}.Debug|Any CPU.Build.0 = Debug|Any CPU
		{CD219BCB-24FD-44FC-88F1-D6707AB3D187}.Release|Any CPU.ActiveCfg = Release|Any CPU
		{CD219BCB-24FD-44FC-88F1-D6707AB3D187}.Release|Any CPU.Build.0 = Release|Any CPU
		{30E2911A-8D79-44E3-98AC-91E6332F9729}.Debug|Any CPU.ActiveCfg = Debug|Any CPU
		{30E2911A-8D79-44E3-98AC-91E6332F9729}.Debug|Any CPU.Build.0 = Debug|Any CPU
		{30E2911A-8D79-44E3-98AC-91E6332F9729}.Release|Any CPU.ActiveCfg = Release|Any CPU
		{30E2911A-8D79-44E3-98AC-91E6332F9729}.Release|Any CPU.Build.0 = Release|Any CPU
	EndGlobalSection
EndGlobal
